
Microsoft Visual Studio Solution File, Format Version 12.00
# Visual Studio Version 17
VisualStudioVersion = 17.0.32014.148
MinimumVisualStudioVersion = 10.0.40219.1
Project("{FAE04EC0-301F-11D3-BF4B-00C04F79EFBC}") = "R5R-Downloader", "R5R-Downloader\R5R-Downloader.csproj", "{6AFDFD76-04CB-48D8-BD6B-4E22AD107586}"
EndProject
Global
	GlobalSection(SolutionConfigurationPlatforms) = preSolution
		Debug|Any CPU = Debug|Any CPU
		Release|Any CPU = Release|Any CPU
	EndGlobalSection
	GlobalSection(ProjectConfigurationPlatforms) = postSolution
		{6AFDFD76-04CB-48D8-BD6B-4E22AD107586}.Debug|Any CPU.ActiveCfg = Debug|Any CPU
		{6AFDFD76-04CB-48D8-BD6B-4E22AD107586}.Debug|Any CPU.Build.0 = Debug|Any CPU
		{6AFDFD76-04CB-48D8-BD6B-4E22AD107586}.Release|Any CPU.ActiveCfg = Release|Any CPU
		{6AFDFD76-04CB-48D8-BD6B-4E22AD107586}.Release|Any CPU.Build.0 = Release|Any CPU
	EndGlobalSection
	GlobalSection(SolutionProperties) = preSolution
		HideSolutionNode = FALSE
	EndGlobalSection
	GlobalSection(ExtensibilityGlobals) = postSolution
		SolutionGuid = {729BE974-6680-4400-B37C-796AEC330D9A}
	EndGlobalSection
EndGlobal
